{
  "lockfileVersion": 1,
  "configVersion": 1,
  "workspaces": {
    "": {
      "name": "jamendo-openapi",
      "dependencies": {
        "@ai-sdk/openai-compatible": "^3.0.31",
        "@mendable/firecrawl-js": "^4.32.2",
        "ai": "^7.0.67",
        "bottleneck": "^2.19.5",
        "citty": "^0.2.2",
        "pino": "^10.3.1",
        "pino-pretty": "^13.1.3",
        "yaml": "^2.9.0",
        "zod": "3",
      },
      "devDependencies": {
        "@biomejs/biome": "^2.5.9",
        "@commitlint/cli": "^21.2.2",
        "@commitlint/config-conventional": "^21.2.2",
        "@types/bun": "^1.3.14",
        "fallow": "^3.17.0",
        "lefthook": "^2.1.10",
        "typescript": "^7.0.2",
      },
    },
  },
  "packages": {
    "@ai-sdk/gateway": ["@ai-sdk/gateway@4.0.53", "", { "dependencies": { "@ai-sdk/provider": "4.0.7", "@ai-sdk/provider-utils": "5.0.27", "@vercel/oidc": "3.2.0" }, "peerDependencies": { "zod": "^3.25.76 || ^4.1.8" } }, "sha512-4ZgwJjv/lGA7ywlD/3oYg6XMkIy1VvVKiSRYB83PyLDApwMGXSF+oT7D5lPYJFhNE5Vr3W2H+SwCFuTsbfgn9w=="],

    "@ai-sdk/openai-compatible": ["@ai-sdk/openai-compatible@3.0.31", "", { "dependencies": { "@ai-sdk/provider": "4.0.7", "@ai-sdk/provider-utils": "5.0.27" }, "peerDependencies": { "zod": "^3.25.76 || ^4.1.8" } }, "sha512-g6kbWJzI1mfHoZp2vXPyb/fiMrK8pNRU2dbum8rBHxemx+ryBJWFAwTndBaVefm+gx9A6fK7J/hSrdfRdVJlQQ=="],

    "@ai-sdk/provider": ["@ai-sdk/provider@4.0.7", "", { "dependencies": { "json-schema": "^0.4.0" } }, "sha512-6or44XprPzKbr8zkmzosowSE0pxkvJcoojBL+mCZvPUt3kvXp3XSNqeVun9golb1acEfSo6yaEBRT18h2VU+1Q=="],

    "@ai-sdk/provider-utils": ["@ai-sdk/provider-utils@5.0.27", "", { "dependencies": { "@ai-sdk/provider": "4.0.7", "@standard-schema/spec": "^1.1.0", "@workflow/serde": "4.1.0", "eventsource-parser": "^3.0.8", "undici": "^7.28.0" }, "peerDependencies": { "zod": "^3.25.76 || ^4.1.8" } }, "sha512-EzAn4pdgG5g0xXtH6lE2zyNmfjDQIDjATkfqzuidEI35g++hh4+07vnjzkT/RmGmIClPZiRj/Q2GMPV2V7mkHw=="],

    "@babel/code-frame": ["@babel/code-frame@7.29.7", "", { "dependencies": { "@babel/helper-validator-identifier": "^7.29.7", "js-tokens": "^4.0.0", "picocolors": "^1.1.1" } }, "sha512-Aup7aUOfpbAUg2ROOJN6Iw5f9DMBlzu0mIkm/malLQFN/YQgO48wCj0Kxa3sEHJvPVFg7siR+qRInwXd2qhQKw=="],

    "@babel/helper-validator-identifier": ["@babel/helper-validator-identifier@7.29.7", "", {}, "sha512-qehxGkRj55h/ff8EMaJ+cYhyaKlHIxqYDn682wQD7RNp9UujOQsHog2uS0r2vzr4pW+sXf90NeeayjcNaX3fFg=="],

    "@biomejs/biome": ["@biomejs/biome@2.5.9", "", { "optionalDependencies": { "@biomejs/cli-darwin-arm64": "2.5.9", "@biomejs/cli-darwin-x64": "2.5.9", "@biomejs/cli-linux-arm64": "2.5.9", "@biomejs/cli-linux-arm64-musl": "2.5.9", "@biomejs/cli-linux-x64": "2.5.9", "@biomejs/cli-linux-x64-musl": "2.5.9", "@biomejs/cli-win32-arm64": "2.5.9", "@biomejs/cli-win32-x64": "2.5.9" }, "bin": { "biome": "bin/biome" } }, "sha512-KkgCvdHB4IhtpHpF564plA9jo6fDOwWGQ/3jvreLzgOtRLEDoPqr7QO9qejNA8jKwDsSkAKr77hqBHnyUbIw4g=="],

    "@biomejs/cli-darwin-arm64": ["@biomejs/cli-darwin-arm64@2.5.9", "", { "os": "darwin", "cpu": "arm64" }, "sha512-am22pX2aBqznqq1eMyIj/bZ++riF3Lk6ct7cbv+gQK0csFhr+d8O0RkOi2FF2qSgFgANbqNkIZ0/PxlnW2pLFg=="],

    "@biomejs/cli-darwin-x64": ["@biomejs/cli-darwin-x64@2.5.9", "", { "os": "darwin", "cpu": "x64" }, "sha512-l44KWDHLDvEnD0N/XcrVs7VXb3A18xL7QS3WB0eL93wbmk529ffIG55vleGCqaunpRUjLrdnjK05Qki1dsjylg=="],

    "@biomejs/cli-linux-arm64": ["@biomejs/cli-linux-arm64@2.5.9", "", { "os": "linux", "cpu": "arm64" }, "sha512-ICaK+IYaVZvKbBxX2rwrPT0DdUDMnE9Vm3nQGe+mltQPmUg19pONzkPWGdY4FCsoreDETWDynvdt4ysCbF5gNQ=="],

    "@biomejs/cli-linux-arm64-musl": ["@biomejs/cli-linux-arm64-musl@2.5.9", "", { "os": "linux", "cpu": "arm64" }, "sha512-7ImVPwBLCtkmpR5esd8RHhTqW94f0JLJQum6AneYcy94jRm18TaPPm7slaigGzFhfgt3QiD1Vj52LKmBAnKizA=="],

    "@biomejs/cli-linux-x64": ["@biomejs/cli-linux-x64@2.5.9", "", { "os": "linux", "cpu": "x64" }, "sha512-z22Q/zFYSvbIJfW1CbfZPu4X8PddS6Qd2ORbc6h+aT6EcwAxUF3m6fA4HjNvA3TU4X0dTJRwNPB165ES3PJXzg=="],

    "@biomejs/cli-linux-x64-musl": ["@biomejs/cli-linux-x64-musl@2.5.9", "", { "os": "linux", "cpu": "x64" }, "sha512-RXGaD0o1/pTTguYw1aeDJh9ad6Lfrui0fI7mBderTyGr7WuUJkBIttgLkR3XJyoxOkkgfBDspaUT8wXArTqLZw=="],

    "@biomejs/cli-win32-arm64": ["@biomejs/cli-win32-arm64@2.5.9", "", { "os": "win32", "cpu": "arm64" }, "sha512-nHK+/HHC+D0ogAHUxomgoSTdjImb6fmNNVTKmf0tyu4eDL1DqPKIHc+i+UL8+b0RnAu8224qo8F2tCVnaT0A3w=="],

    "@biomejs/cli-win32-x64": ["@biomejs/cli-win32-x64@2.5.9", "", { "os": "win32", "cpu": "x64" }, "sha512-Yiq0H56LjXSSw/hd9YkXgSLQfzyDJzbzU2TezozxyNw+uKWAqOtqGVvBfzKRRDiaFF5avGAhHdWKx7LtDOShUw=="],

    "@commitlint/cli": ["@commitlint/cli@21.2.2", "", { "dependencies": { "@commitlint/config-conventional": "^21.2.2", "@commitlint/format": "^21.2.2", "@commitlint/lint": "^21.2.2", "@commitlint/load": "^21.2.2", "@commitlint/read": "^21.2.1", "@commitlint/types": "^21.2.0", "tinyexec": "^1.0.0", "yargs": "^18.0.0" }, "bin": { "commitlint": "cli.js" } }, "sha512-a+6hQxIxnpdvSvS2apvttPNbEliYsVC3PqFYDiiB2kjbwIsQsj1urvQ4Tkf70pKYozPalKAuRQmm/GHwndduqA=="],

    "@commitlint/config-conventional": ["@commitlint/config-conventional@21.2.2", "", { "dependencies": { "@commitlint/types": "^21.2.0", "conventional-changelog-conventionalcommits": "^10.0.0" } }, "sha512-NxA37SZviusFUEYOQZ5hNnZ1h7O/KiemPkxjOlpzKJNnWxThiwc6/SaZhaPa8fyLvfRBAywhQhJJk8XESHWlpQ=="],

    "@commitlint/config-validator": ["@commitlint/config-validator@21.2.0", "", { "dependencies": { "@commitlint/types": "^21.2.0", "ajv": "^8.11.0" } }, "sha512-t7AzNHAKeIdo/3NRGwzpufKHsKkPHmFs/56N2Fnsh0/r0rGtnQzTxk6vnFgjaGr4hdSQKNB50/KAhR9Yk4LJKA=="],

    "@commitlint/ensure": ["@commitlint/ensure@21.2.0", "", { "dependencies": { "@commitlint/types": "^21.2.0", "es-toolkit": "^1.46.0" } }, "sha512-76IF9vDNS13lAzEEik9eKwzt8f9hYhWiwVXZ2AnyLCz5/f511FsEQ3pw1X3/zSQpdRLQU7i5qDMVKyXi1GWjSg=="],

    "@commitlint/execute-rule": ["@commitlint/execute-rule@21.0.1", "", {}, "sha512-RifH+FmImozKBE6mozhF4K3r2RRKP7SMi/Q/zLCmExtp5e05lhHOUYqGBlFBAGNHaZxU/WYw1XuugYK9jQzqnA=="],

    "@commitlint/format": ["@commitlint/format@21.2.2", "", { "dependencies": { "@commitlint/types": "^21.2.0", "picocolors": "^1.1.1" } }, "sha512-v6fvxZSc/AvVMROlr3H34+1766bZSYApRUSCAMjWamStPjKMvZ8GdvVA5YW/VQNgbFTmcMz6OYmSTJEvIjPrfA=="],

    "@commitlint/is-ignored": ["@commitlint/is-ignored@21.2.2", "", { "dependencies": { "@commitlint/types": "^21.2.0", "semver": "^7.6.0" } }, "sha512-9UoKNgfFE3LU7FrzierCvk3CdDfMDeVGC86qZiT/n0TIjfq/dmZ9MHuXd45OTNRa26ZanmJRxEtmiXk/lEJihg=="],

    "@commitlint/lint": ["@commitlint/lint@21.2.2", "", { "dependencies": { "@commitlint/is-ignored": "^21.2.2", "@commitlint/parse": "^21.2.2", "@commitlint/rules": "^21.2.2", "@commitlint/types": "^21.2.0" } }, "sha512-Fy8JxEBzdmsYWFude/61GxXu5O+wEymwiRK2z9GL9R8mCsXphCoGxAFc5iHn5mjlfcSrhiiONE+ksf4KOjnaPg=="],

    "@commitlint/load": ["@commitlint/load@21.2.2", "", { "dependencies": { "@commitlint/config-validator": "^21.2.0", "@commitlint/execute-rule": "^21.0.1", "@commitlint/resolve-extends": "^21.2.2", "@commitlint/types": "^21.2.0", "cosmiconfig": "^9.0.1", "cosmiconfig-typescript-loader": "^6.1.0", "es-toolkit": "^1.46.0", "is-plain-obj": "^4.1.0", "picocolors": "^1.1.1" } }, "sha512-0Tt6wDPX167cjKC5D4zhm0+20wJJG+TN/TKovMOspfSe78rOnKX+MNzlVNiu6HyQPZChPJ8QBH31MVt6Bb8fCg=="],

    "@commitlint/message": ["@commitlint/message@21.2.0", "", {}, "sha512-YxGoiXD/HXNXLJPrQwE5poXa+XH0CBEm+mdvbHQP0g6MV/dmJyUFCzPNzZbxL93GvZ70TmtTK0Z0/IBpAqHv8g=="],

    "@commitlint/parse": ["@commitlint/parse@21.2.2", "", { "dependencies": { "@commitlint/types": "^21.2.0", "conventional-changelog-angular": "^9.0.0", "conventional-commits-parser": "^7.0.0" } }, "sha512-MEkobPfvRp+z06Wro8HMG1BDGHzZmj82A1LH1nWeG3ipHpg/x4m6v3wEDvMBIKjRFUnfR3nBeFs3MVCr7UdAmg=="],

    "@commitlint/read": ["@commitlint/read@21.2.1", "", { "dependencies": { "@commitlint/top-level": "^21.2.0", "@commitlint/types": "^21.2.0", "@conventional-changelog/git-client": "^3.0.0", "tinyexec": "^1.0.0" } }, "sha512-hUW7EJQnNTL0vPOmVMNK4CrnrNBN0nN+JJHReFkdHO5y4iyHeEmTBwuC15OCqUTjxWo7idnH1LftfpWVIaPWIA=="],

    "@commitlint/resolve-extends": ["@commitlint/resolve-extends@21.2.2", "", { "dependencies": { "@commitlint/config-validator": "^21.2.0", "@commitlint/types": "^21.2.0", "es-toolkit": "^1.46.0", "global-directory": "^5.0.0", "resolve-from": "^5.0.0" } }, "sha512-RPkJ/IFi7sMUUVbZLqwWFtWw/zRDcfFsmrPSiTMrt5wb7AdxOr86EGQFvmGzef5QKV5IPBWWCujqVTw1RWX44A=="],

    "@commitlint/rules": ["@commitlint/rules@21.2.2", "", { "dependencies": { "@commitlint/ensure": "^21.2.0", "@commitlint/message": "^21.2.0", "@commitlint/to-lines": "^21.0.1", "@commitlint/types": "^21.2.0" } }, "sha512-eplQzyYkBjYB1HyyRj8hkcK11Y9DU9nuBz7uOKEd6NpE9NGDytLFCAnlRE+OoiK/5sHEJsaz2RGhuWBvYzIbNA=="],

    "@commitlint/to-lines": ["@commitlint/to-lines@21.0.1", "", {}, "sha512-bd1BFII7p1EQZre9Kaj+kKaMFP3cFCdt21K7DItVux9XP5WjLgJ0/Uy1pJJh9aPwVJ6SKg62PxqlZaHI8hQAXw=="],

    "@commitlint/top-level": ["@commitlint/top-level@21.2.0", "", { "dependencies": { "escalade": "^3.2.0" } }, "sha512-Y5gmQ+KxzqCrBFJfLvFEPvvwD3LDiNZoTT2yeFBm96M8qhmqSzQc5DvX3rheAaAMjyIvMXOCLS/mWfdpONsjyQ=="],

    "@commitlint/types": ["@commitlint/types@21.2.0", "", { "dependencies": { "conventional-commits-parser": "^7.0.0", "picocolors": "^1.1.1" } }, "sha512-7zVFCDB2reMvJH5dmbKnOQPjZEvjdJTH8jc0U/PIPU1r3/+vf5pD1HlfitV2MWsWXrvu7u39iY1lyLUPOaN0Gw=="],

    "@conventional-changelog/git-client": ["@conventional-changelog/git-client@3.1.2", "", { "dependencies": { "@simple-libs/child-process-utils": "^2.0.0", "@simple-libs/stream-utils": "^2.0.0", "semver": "^7.5.2" }, "peerDependencies": { "conventional-commits-filter": "^6.0.1", "conventional-commits-parser": "^7.1.2" }, "optionalPeers": ["conventional-commits-filter", "conventional-commits-parser"] }, "sha512-jZqwnJwf7nboIlAcw/mkOjVa6DexCcUOgT2oOQgkoi3z9vR8tGFkcMy2BFcYwjhL9sYcDDXkRQDayiDieCoW7A=="],

    "@conventional-changelog/template": ["@conventional-changelog/template@1.3.0", "", {}, "sha512-GsCw/qu92GI0EX6s7fxUi/SG1lmFjG9XZivxxEDZXqztuQKCn5o5wKdz4v005zci0Md7EZzgAwmQLoIEDZoaow=="],

    "@fallow-cli/darwin-arm64": ["@fallow-cli/darwin-arm64@3.17.0", "", { "os": "darwin", "cpu": "arm64" }, "sha512-u9O4aQaTSdaZaa4MAVEZEiwOx6QQzChymyQPrxV6KvDcVbcl0oYSekJKdvN4gEqUY8ClMze9gWS1tbn/W3N4dQ=="],

    "@fallow-cli/darwin-x64": ["@fallow-cli/darwin-x64@3.17.0", "", { "os": "darwin", "cpu": "x64" }, "sha512-l3tZJovnCa8j+im4qTl4GVSfrx4gisJYeHDwb5TbcdTGaWYz42gHriAaz5MhOR8S24q3xRegX8QrI8PA4XXU4g=="],

    "@fallow-cli/linux-arm64-gnu": ["@fallow-cli/linux-arm64-gnu@3.17.0", "", { "os": "linux", "cpu": "arm64" }, "sha512-IAjS6qR4tHcRo1y5lzYT6mktN/ATPyPNrJ6yjwTORwwQV1YfMO58A5zGBfJlPBY+lUmaMZ9w37ftvH9a2AS4dQ=="],

    "@fallow-cli/linux-arm64-musl": ["@fallow-cli/linux-arm64-musl@3.17.0", "", { "os": "linux", "cpu": "arm64" }, "sha512-Oe1dvk5Wt5Bmnxfc6HufJTaFY9SEwDVrZpnSdVQlv+nvz7DzrTK1r91cR3Ip477ANSLa9XD/MHPMpfqqo0dlZg=="],

    "@fallow-cli/linux-x64-gnu": ["@fallow-cli/linux-x64-gnu@3.17.0", "", { "os": "linux", "cpu": "x64" }, "sha512-XgLU2a51zuky7gifjVDHuiJGToAReDsVCDcyDF84TQz/h3bqO0iRkpDL8dh7+HODku84+EffpK5ZHY19n6Ij0w=="],

    "@fallow-cli/linux-x64-musl": ["@fallow-cli/linux-x64-musl@3.17.0", "", { "os": "linux", "cpu": "x64" }, "sha512-GnDZx2kbLKKdYAp05NSKv6CZHgzEKvhRd0btCKFMMpUEhdzmr4uh2Qb4UzKDBg/q2r1EhkzN4b/qC+tbFCmtwA=="],

    "@fallow-cli/win32-arm64-msvc": ["@fallow-cli/win32-arm64-msvc@3.17.0", "", { "os": "win32", "cpu": "arm64" }, "sha512-u9n5WzPuKuC1PKegKQknWtngAUJ2szQaRXsbY54s7UMqeFNyC+W04LV5D+sEZywU7L0kzL+Kck9LxFLXBQcgvA=="],

    "@fallow-cli/win32-x64-msvc": ["@fallow-cli/win32-x64-msvc@3.17.0", "", { "os": "win32", "cpu": "x64" }, "sha512-/OcyxHuCKabzQ9hKIjM/CFJ9fr30n0Mw5MK6nzi5rn26mbYUgh073UZq4FONOpPJ/FqHtC726rxpgBtR4qS+gg=="],

    "@mendable/firecrawl-js": ["@mendable/firecrawl-js@4.32.2", "", { "dependencies": { "axios": "1.18.0", "firecrawl": "4.30.1", "typescript-event-target": "^1.1.1", "zod": "^3.23.8", "zod-to-json-schema": "^3.23.0" } }, "sha512-hrN0Ayqi5mHVUAN7nhBFoCnJdwt1GHKoVNXZfNPbPOORo49aZjcyPp8u2RApcKjDFjuWBPY6M7c1aRglU1r7Hg=="],

    "@pinojs/redact": ["@pinojs/redact@0.4.0", "", {}, "sha512-k2ENnmBugE/rzQfEcdWHcCY+/FM3VLzH9cYEsbdsoqrvzAKRhUZeRNhAZvB8OitQJ1TBed3yqWtdjzS6wJKBwg=="],

    "@simple-libs/child-process-utils": ["@simple-libs/child-process-utils@2.0.0", "", { "dependencies": { "@simple-libs/stream-utils": "^2.0.0" } }, "sha512-dvNoRKLijXnD0XoJAz94pbNuB5GQgDr55UhpSPhffDkTT0Cmcqh9jSCOtwfT2d4H6MI9E7c4SgtMuJXZ6F3c6A=="],

    "@simple-libs/stream-utils": ["@simple-libs/stream-utils@2.0.0", "", {}, "sha512-fCTuZK4QBa+39Oz9l4OGfJfz+GpwCp3AqO7Zch3to99xHPgstVsRFpeQ8LNd2o1Gv8raL2mCFwiaHh7bFSp5DQ=="],

    "@standard-schema/spec": ["@standard-schema/spec@1.1.0", "", {}, "sha512-l2aFy5jALhniG5HgqrD6jXLi/rUWrKvqN/qJx6yoJsgKhblVd+iqqU4RCXavm/jPityDo5TCvKMnpjKnOriy0w=="],

    "@types/bun": ["@types/bun@1.3.14", "", { "dependencies": { "bun-types": "1.3.14" } }, "sha512-h1hFqFVcvAvD9j9K7ZW7vd82aSA+rTdznZa+5bwvCwqSB1jmmfLcbIWhOLx1/+boy/xmjgCs/OMUL8hRJSmnPw=="],

    "@types/node": ["@types/node@26.2.0", "", { "dependencies": { "undici-types": "~8.3.0" } }, "sha512-5IviulTZeRNp2vAJ514cc/HUlY5nZ9fCbq9DMyC52BrhFZACo3nI0R7qBxhQmo/d27NFe96ur/b7Wwxklda+kg=="],

    "@typescript/typescript-aix-ppc64": ["@typescript/typescript-aix-ppc64@7.0.2", "", { "os": "aix", "cpu": "ppc64" }, "sha512-MTKKkWB7p/0E9xi1d1tHtZ5PiLkGEMIq88pK2CubZjOsLtYTLqhgIgi6zepFa+9GHZ6h05NMCkQxGKiPXMxXtQ=="],

    "@typescript/typescript-darwin-arm64": ["@typescript/typescript-darwin-arm64@7.0.2", "", { "os": "darwin", "cpu": "arm64" }, "sha512-gowzar9MwS/aRWp6f3a4KUqzRjAZjOsmGNCM6LcTgXum+dBfgsBVMN+AgvOCCbguXyick6LJhpBszxMebJ8syA=="],

    "@typescript/typescript-darwin-x64": ["@typescript/typescript-darwin-x64@7.0.2", "", { "os": "darwin", "cpu": "x64" }, "sha512-SZ9xZInqApNlNGc9s0W1VSsktYSOe9cFqNOIqmN1Gs8SmkjKZYFt017G4VwPxASInODuAdbTW7sXiFUf893RgA=="],

    "@typescript/typescript-freebsd-arm64": ["@typescript/typescript-freebsd-arm64@7.0.2", "", { "os": "freebsd", "cpu": "arm64" }, "sha512-W5NH4y/J0plIIS5b2xvTEkU7JFxyqdMAOgf+Ilhl0vHQXKO5dZoxd+C/jEtq56c4F3wk71RB4BMRQ2XdI+bwYQ=="],

    "@typescript/typescript-freebsd-x64": ["@typescript/typescript-freebsd-x64@7.0.2", "", { "os": "freebsd", "cpu": "x64" }, "sha512-UMGDx5sTpzNw3WiPebH7l90IWfJggEd+egHt/q6p7/Cm3zqoV7VxkGXt+3DxPIw8CcmvAB0j3sVVfbhX+M4Tpw=="],

    "@typescript/typescript-linux-arm": ["@typescript/typescript-linux-arm@7.0.2", "", { "os": "linux", "cpu": "arm" }, "sha512-gffT3xPz9sR7j/YJExkyPntrI0P2EP9XbOyWzth2/Gs0RstK+90RBcO0ncXoXy/beYll1SXw846Nf2zdnEz0QQ=="],

    "@typescript/typescript-linux-arm64": ["@typescript/typescript-linux-arm64@7.0.2", "", { "os": "linux", "cpu": "arm64" }, "sha512-Qh4eU4/y3yDjnfjjyPYihMj5/ODIlmt+Bzu17OI+fiSRDW57QmU5SiN63exPRNJPKUzcc1INa1NXdrJ+MqHjUQ=="],

    "@typescript/typescript-linux-loong64": ["@typescript/typescript-linux-loong64@7.0.2", "", { "os": "linux", "cpu": "none" }, "sha512-uEHck9i8hoAzXPiYRib1O7miOnz23SxIeVl6F4LXox+qov1K35jHcEW6VHKvZI+pyvl7fZEP4MCU5LYvIq1GuQ=="],

    "@typescript/typescript-linux-mips64el": ["@typescript/typescript-linux-mips64el@7.0.2", "", { "os": "linux", "cpu": "none" }, "sha512-R4KvAMnE43W5Qeqb0Ly56O3mWMWIAgsMyz36DCaycd5nbg/9kzm0liw3JocfRqyJY0KPmzFjbswozXyW0DnIYA=="],

    "@typescript/typescript-linux-ppc64": ["@typescript/typescript-linux-ppc64@7.0.2", "", { "os": "linux", "cpu": "ppc64" }, "sha512-DORx5b3sd/4S7eayxm4FQv+A7CrkUIGRaHiwI8oiHTAI1fAPWhF4J0vAlkC8biAlHSVVwxMQ3tjZ2/DVbnQiiA=="],

    "@typescript/typescript-linux-riscv64": ["@typescript/typescript-linux-riscv64@7.0.2", "", { "os": "linux", "cpu": "none" }, "sha512-wf0jqEDOjrPRnKwYRyyJDRo11KMbvMFrU+q4zqKyChODBzvlkbhNQfKvLxQCcwTpdDaXSHZTVuh0JoCrKCUMHQ=="],

    "@typescript/typescript-linux-s390x": ["@typescript/typescript-linux-s390x@7.0.2", "", { "os": "linux", "cpu": "s390x" }, "sha512-IkwJc3L7yhytWd/ewjyxNDfOmswCm9GWMJT/ue/dU4aZNbwZeYAetq42VyLmsmSjvoX7z74X6ZaYCtzAr0EuGw=="],

    "@typescript/typescript-linux-x64": ["@typescript/typescript-linux-x64@7.0.2", "", { "os": "linux", "cpu": "x64" }, "sha512-EYdf2cNg7rgCWJnxCdJ+F3V39O8ihb37eHAu1LK8oAFizgTQbPOK7zHHXbPt8rX24COqODXeI3sIf0fCXG7H/A=="],

    "@typescript/typescript-netbsd-arm64": ["@typescript/typescript-netbsd-arm64@7.0.2", "", { "os": "none", "cpu": "arm64" }, "sha512-+polYF4MF04aPpO5FTkHran9yUQDSXqy5GiSDKpsll5jy3l3+g9QLhpf39T+ePtefhXLOGrLl0QIjkQP6VnelA=="],

    "@typescript/typescript-netbsd-x64": ["@typescript/typescript-netbsd-x64@7.0.2", "", { "os": "none", "cpu": "x64" }, "sha512-8YIT0EHM/3dq10ZOVF/A7pc/YSMtbcecct4rWtexrnSCHOPcpC2KTLXfTCR6vDpnSiY12heNb1GiN/wu+T/FyA=="],

    "@typescript/typescript-openbsd-arm64": ["@typescript/typescript-openbsd-arm64@7.0.2", "", { "os": "openbsd", "cpu": "arm64" }, "sha512-APT8+ClYnuYm1u9+kgGXoMj2VzWzcymwh2gNSQVySHfkRDGOTVkoWLjCmOQSaO+PoqQ57B0flRp9SA+7GnnkzQ=="],

    "@typescript/typescript-openbsd-x64": ["@typescript/typescript-openbsd-x64@7.0.2", "", { "os": "openbsd", "cpu": "x64" }, "sha512-yX7s+Q0Dln0Dt9tEzZsAjXXR/+ytBM7AlglaqyeMPxQszJ1JhlJdZ6jLA+IzldHtflX81em7lDao1xXu+aRRkg=="],

    "@typescript/typescript-sunos-x64": ["@typescript/typescript-sunos-x64@7.0.2", "", { "os": "sunos", "cpu": "x64" }, "sha512-dLJDGaLZ1D4HPQn62u1n8mBDkJREwMsAkCdkwd4Ieqw+x3TUyTsqY0YiBCtE6H6OzzgGk3iuZ3vFWRS+E8/d1g=="],

    "@typescript/typescript-win32-arm64": ["@typescript/typescript-win32-arm64@7.0.2", "", { "os": "win32", "cpu": "arm64" }, "sha512-Gyl1Vy6OsWesLzmq+EP0Fb7b4Nid5232AvcA2SFcdYreldpNtYFFofPjnt62y9hQy7VTaZp65ICJjuAQRaVcIQ=="],

    "@typescript/typescript-win32-x64": ["@typescript/typescript-win32-x64@7.0.2", "", { "os": "win32", "cpu": "x64" }, "sha512-0BQ3HkAHHlKLSp1qRvf3SUhGpGsDuhB/jgFw75guyqbxJqEaS0Cw/VFO8i2nHglJUzQCRtMMR/IBAKE3ETMC4g=="],

    "@vercel/oidc": ["@vercel/oidc@3.2.0", "", {}, "sha512-UycprH3T6n3jH0k44NHMa7pnFHGu/N05MjojYr+Mc6I7obkoLIJujSWwin1pCvdy/eOxrI/l3uDLQsmcrOb4ug=="],

    "@workflow/serde": ["@workflow/serde@4.1.0", "", {}, "sha512-pav4F2BoirECWR7Nf1TKt+2eETcBj7jj4cBefQ8VXQCA6NPkaKeLfj/zMgi+3zYV5ZIBT4GuUiphsj0/b9hPQQ=="],

    "agent-base": ["agent-base@6.0.2", "", { "dependencies": { "debug": "4" } }, "sha512-RZNwNclF7+MS/8bDg70amg32dyeZGZxiDuQmZxKLAlQjr3jGyLx+4Kkk58UO7D2QdgFIQCovuSuZESne6RG6XQ=="],

    "ai": ["ai@7.0.67", "", { "dependencies": { "@ai-sdk/gateway": "4.0.53", "@ai-sdk/provider": "4.0.7", "@ai-sdk/provider-utils": "5.0.27" }, "peerDependencies": { "zod": "^3.25.76 || ^4.1.8" } }, "sha512-83Y/OFx7rylrrgzCsaDPlGeL3QC8qrFQ51LBs6MXm2JVxQLLkrvKmPa1/hOzgyCHM8dsB/2rE1a6OGPNRpmTLQ=="],

    "ajv": ["ajv@8.20.0", "", { "dependencies": { "fast-deep-equal": "^3.1.3", "fast-uri": "^3.0.1", "json-schema-traverse": "^1.0.0", "require-from-string": "^2.0.2" } }, "sha512-Thbli+OlOj+iMPYFBVBfJ3OmCAnaSyNn4M1vz9T6Gka5Jt9ba/HIR56joy65tY6kx/FCF5VXNB819Y7/GUrBGA=="],

    "ansi-regex": ["ansi-regex@6.3.0", "", {}, "sha512-WpDfL7NO6j7tH88IDBNVdUJxDh9nmCteAVW9dsep846XdwF4naCBK+/tGLX3KJgcpgMRXCFlTM2hKGoK9FsdrQ=="],

    "ansi-styles": ["ansi-styles@6.2.3", "", {}, "sha512-4Dj6M28JB+oAH8kFkTLUo+a2jwOFkuqb3yucU0CANcRRUbxS0cP0nZYCGjcc3BNXwRIsUVmDGgzawme7zvJHvg=="],

    "argparse": ["argparse@2.0.1", "", {}, "sha512-8+9WqebbFzpX9OR+Wa6O29asIogeRMzcGtAINdpMHHyAg10f05aSFVBbcEqGf/PXw1EjAZ+q2/bEBg3DvurK3Q=="],

    "argue-cli": ["argue-cli@3.1.0", "", {}, "sha512-DhBpBfXL4SS2uC0N922MMajKR3CdrTG0u2or1PNYgXMsrSzViJrbtvT0nCLlLGUI0plam/ZZCs7aAauHtW9thw=="],

    "asynckit": ["asynckit@0.4.0", "", {}, "sha512-Oei9OH4tRh0YqU3GxhX79dM/mwVgvbZJaSNaRk+bshkj0S5cfHcgYakreBjrHwatXKbz+IoIdYLxrKim2MjW0Q=="],

    "atomic-sleep": ["atomic-sleep@1.0.0", "", {}, "sha512-kNOjDqAh7px0XWNI+4QbzoiR/nTkHAWNud2uvnJquD1/x5a7EQZMJT0AczqK0Qn67oY/TTQ1LbUKajZpp3I9tQ=="],

    "axios": ["axios@1.18.0", "", { "dependencies": { "follow-redirects": "^1.16.0", "form-data": "^4.0.5", "https-proxy-agent": "^5.0.1", "proxy-from-env": "^2.1.0" } }, "sha512-E32NzpYKp++W7XRe52rHiXV2ehxmh3wbdgO7MHeFM+vqxLBYHzt0ElkiImtOBxtOmyp0yoC8C6uESVV84Y2/hw=="],

    "bottleneck": ["bottleneck@2.19.5", "", {}, "sha512-VHiNCbI1lKdl44tGrhNfU3lup0Tj/ZBMJB5/2ZbNXRCPuRCO7ed2mgcK4r17y+KB2EfuYuRaVlwNbAeaWGSpbw=="],

    "bun-types": ["bun-types@1.3.14", "", { "dependencies": { "@types/node": "*" } }, "sha512-4N0ig0fEomHt5R0KCFWjovxow98rIoRwKolrYdCcknNwMekCXRnWEUvgu5soYV8QXtVsrUD8B95MBOZGPvr6KQ=="],

    "call-bind-apply-helpers": ["call-bind-apply-helpers@1.0.2", "", { "dependencies": { "es-errors": "^1.3.0", "function-bind": "^1.1.2" } }, "sha512-Sp1ablJ0ivDkSzjcaJdxEunN5/XvksFJ2sMBFfq6x0ryhQV/2b/KwFe21cMpmHtPOSij8K99/wSfoEuTObmuMQ=="],

    "callsites": ["callsites@3.1.0", "", {}, "sha512-P8BjAsXvZS+VIDUI11hHCQEv74YT67YUi5JJFNWIqL235sBmjX4+qx9Muvls5ivyNENctx46xQLQ3aTuE7ssaQ=="],

    "citty": ["citty@0.2.2", "", {}, "sha512-+6vJA3L98yv+IdfKGZHBNiGW5KHn22e/JwID0Strsz8h4S/csAu/OuICwxrg44k5MRiZHWIo8XXuJgQTriRP4w=="],

    "cliui": ["cliui@9.0.1", "", { "dependencies": { "string-width": "^7.2.0", "strip-ansi": "^7.1.0", "wrap-ansi": "^9.0.0" } }, "sha512-k7ndgKhwoQveBL+/1tqGJYNz097I7WOvwbmmU2AR5+magtbjPWQTS1C5vzGkBC8Ym8UWRzfKUzUUqFLypY4Q+w=="],

    "colorette": ["colorette@2.0.20", "", {}, "sha512-IfEDxwoWIjkeXL1eXcDiow4UbKjhLdq6/EuSVR9GMN7KVH3r9gQ83e73hsz1Nd1T3ijd5xv1wcWRYO+D6kCI2w=="],

    "combined-stream": ["combined-stream@1.0.8", "", { "dependencies": { "delayed-stream": "~1.0.0" } }, "sha512-FQN4MRfuJeHf7cBbBMJFXhKSDq+2kAArBlmRBvcvFE5BB1HZKXtSFASDhdlz9zOYwxh8lDdnvmMOe/+5cdoEdg=="],

    "conventional-changelog-angular": ["conventional-changelog-angular@9.3.0", "", { "dependencies": { "@conventional-changelog/template": "^1.3.0" } }, "sha512-0MWQLVUT1oVCsUGs9aAWteBVxPlLwJTn5VbQH7B0B3fDizZgrJ9QGnKl/2mp1+5P7153GCBCjO/v1aKJ6eysCg=="],

    "conventional-changelog-conventionalcommits": ["conventional-changelog-conventionalcommits@10.3.0", "", { "dependencies": { "@conventional-changelog/template": "^1.3.0" } }, "sha512-qag0zFD867Qq1DK0jAWicyWlEMS1FFC/BLVLISaoeI7Y6Em6aWchk7BCkhOTsecRpMsV6qX41XmlNnghiiTmSw=="],

    "conventional-commits-parser": ["conventional-commits-parser@7.1.2", "", { "dependencies": { "@simple-libs/stream-utils": "^2.0.0", "argue-cli": "^3.1.0" }, "bin": { "conventional-commits-parser": "./dist/cli/index.js" } }, "sha512-O+x4N2yH+ijvqWlIyTHsXTAP+algNWgGbjY2duCe8w2vUMvUB95cLRslCPfTMQyLAKlet3bhZTdu6ozn4M+QJQ=="],

    "cosmiconfig": ["cosmiconfig@9.0.2", "", { "dependencies": { "env-paths": "^2.2.1", "import-fresh": "^3.3.0", "js-yaml": "^4.1.0", "parse-json": "^5.2.0" }, "peerDependencies": { "typescript": ">=4.9.5" }, "optionalPeers": ["typescript"] }, "sha512-gtTZxTDau1wL7Y7zifc2dd8jHSK/k6BTx/2Xp/BpdlAdnlYWFVt7qhJqgwi7637yRwRQ3qL4ZidbB4I8tA5VOg=="],

    "cosmiconfig-typescript-loader": ["cosmiconfig-typescript-loader@6.3.0", "", { "dependencies": { "jiti": "2.6.1" }, "peerDependencies": { "@types/node": "*", "cosmiconfig": ">=9", "typescript": ">=5" } }, "sha512-Akr82WH1Wfqatyiqpj8HDkO2o2KmJRu1FhKfSNJP3K4IdXwHfEyL7MOb62i1AGQVLtIQM+iCE9CGOtrfhR+mmA=="],

    "dateformat": ["dateformat@4.6.3", "", {}, "sha512-2P0p0pFGzHS5EMnhdxQi7aJN+iMheud0UhG4dlE1DLAlvL8JHjJJTX/CSm4JXwV0Ka5nGk3zC5mcb5bUQUxxMA=="],

    "debug": ["debug@4.4.3", "", { "dependencies": { "ms": "^2.1.3" }, "peerDependencies": { "supports-color": "*" }, "optionalPeers": ["supports-color"] }, "sha512-RGwwWnwQvkVfavKVt22FGLw+xYSdzARwm0ru6DhTVA3umU5hZc28V3kO4stgYryrTlLpuvgI9GiijltAjNbcqA=="],

    "delayed-stream": ["delayed-stream@1.0.0", "", {}, "sha512-ZySD7Nf91aLB0RxL4KGrKHBXl7Eds1DAmEdcoVawXnLD7SDhpNgtuII2aAkg7a7QS41jxPSZ17p4VdGnMHk3MQ=="],

    "detect-libc": ["detect-libc@2.1.2", "", {}, "sha512-Btj2BOOO83o3WyH59e8MgXsxEQVcarkUOpEYrubB0urwnN10yQ364rsiByU11nZlqWYZm05i/of7io4mzihBtQ=="],

    "dunder-proto": ["dunder-proto@1.0.1", "", { "dependencies": { "call-bind-apply-helpers": "^1.0.1", "es-errors": "^1.3.0", "gopd": "^1.2.0" } }, "sha512-KIN/nDJBQRcXw0MLVhZE9iQHmG68qAVIBg9CqmUYjmQIhgij9U5MFvrqkUL5FbtyyzZuOeOt0zdeRe4UY7ct+A=="],

    "emoji-regex": ["emoji-regex@10.6.0", "", {}, "sha512-toUI84YS5YmxW219erniWD0CIVOo46xGKColeNQRgOzDorgBi1v4D71/OFzgD9GO2UGKIv1C3Sp8DAn0+j5w7A=="],

    "end-of-stream": ["end-of-stream@1.4.5", "", { "dependencies": { "once": "^1.4.0" } }, "sha512-ooEGc6HP26xXq/N+GCGOT0JKCLDGrq2bQUZrQ7gyrJiZANJ/8YDTxTpQBXGMn+WbIQXNVpyWymm7KYVICQnyOg=="],

    "env-paths": ["env-paths@2.2.1", "", {}, "sha512-+h1lkLKhZMTYjog1VEpJNG7NZJWcuc2DDk/qsqSTRRCOXiLjeQ1d1/udrUGhqMxUgAlwKNZ0cf2uqan5GLuS2A=="],

    "error-ex": ["error-ex@1.3.4", "", { "dependencies": { "is-arrayish": "^0.2.1" } }, "sha512-sqQamAnR14VgCr1A618A3sGrygcpK+HEbenA/HiEAkkUwcZIIB/tgWqHFxWgOyDh4nB4JCRimh79dR5Ywc9MDQ=="],

    "es-define-property": ["es-define-property@1.0.1", "", {}, "sha512-e3nRfgfUZ4rNGL232gUgX06QNyyez04KdjFrF+LTRoOXmrOgFKDg4BCdsjW8EnT69eqdYGmRpJwiPVYNrCaW3g=="],

    "es-errors": ["es-errors@1.3.0", "", {}, "sha512-Zf5H2Kxt2xjTvbJvP2ZWLEICxA6j+hAmMzIlypy4xcBg1vKVnx89Wy0GbS+kf5cwCVFFzdCFh2XSCFNULS6csw=="],

    "es-object-atoms": ["es-object-atoms@1.1.2", "", { "dependencies": { "es-errors": "^1.3.0" } }, "sha512-HWcBoN6NileqtSydK2FqHbS/LoDd2pqrnQHLyJzBj4kOp/ky2MWMN694xOfkK8/SnUsW2DH7EfyVlydKCsm1Zw=="],

    "es-set-tostringtag": ["es-set-tostringtag@2.1.0", "", { "dependencies": { "es-errors": "^1.3.0", "get-intrinsic": "^1.2.6", "has-tostringtag": "^1.0.2", "hasown": "^2.0.2" } }, "sha512-j6vWzfrGVfyXxge+O0x5sh6cvxAog0a/4Rdd2K36zCMV5eJ+/+tOAngRO8cODMNWbVRdVlmGZQL2YS3yR8bIUA=="],

    "es-toolkit": ["es-toolkit@1.51.0", "", {}, "sha512-zC2lQGkM7QX+Gm6iM3+WIdZJzthsEd14LvRNJneSO2hzyz/zNBENR8+YXWo1cKxgPBtV6ksPYHELbcwBRzmdCw=="],

    "escalade": ["escalade@3.2.0", "", {}, "sha512-WUj2qlxaQtO4g6Pq5c29GTcWGDyd8itL8zTlipgECz3JesAiiOKotd8JU6otB3PACgG6xkJUyVhboMS+bje/jA=="],

    "eventsource-parser": ["eventsource-parser@3.1.1", "", {}, "sha512-EKN1vKAMcZ8MlYMpaNuxN6R9yakzH6uajHcHVTqWJzvu5pWw9DyhbP35HH8MVBQ+dZjAfDxk+A8NiR9KWaXiyQ=="],

    "fallow": ["fallow@3.17.0", "", { "dependencies": { "detect-libc": "2.1.2" }, "optionalDependencies": { "@fallow-cli/darwin-arm64": "3.17.0", "@fallow-cli/darwin-x64": "3.17.0", "@fallow-cli/linux-arm64-gnu": "3.17.0", "@fallow-cli/linux-arm64-musl": "3.17.0", "@fallow-cli/linux-x64-gnu": "3.17.0", "@fallow-cli/linux-x64-musl": "3.17.0", "@fallow-cli/win32-arm64-msvc": "3.17.0", "@fallow-cli/win32-x64-msvc": "3.17.0", "fallow-type-aware": "3.17.0" }, "bin": { "fallow": "bin/fallow", "fallow-lsp": "bin/fallow-lsp", "fallow-mcp": "bin/fallow-mcp" } }, "sha512-tbLuvsPq3I2CzpoF/9MgSQ7hWzOqlj3avFUAmCr1J9OERE6z714SlDmA38NVvNy/zuK/70utXB3/b33xC9z29g=="],

    "fallow-type-aware": ["fallow-type-aware@3.17.0", "", { "dependencies": { "typescript": "7.0.2" }, "bin": { "fallow-type-aware": "fallow-type-aware.mjs" } }, "sha512-DFtZUK5oqP56tSsrBWPzjrTIwPPxwlBV8QoSaGghMru347Nqj8ZBY6u9HFa/TIPcxvFU/zIZMRF8xS/XAWQTzg=="],

    "fast-copy": ["fast-copy@4.0.4", "", {}, "sha512-eVAiWVNPSEGIzDl5yPuLrx8fNMogScXvD9xp1Kzd41FjRIz2I3sSIcxsFeM5EzFfHAfobdvs8ZySffUopljvIA=="],

    "fast-deep-equal": ["fast-deep-equal@3.1.3", "", {}, "sha512-f3qQ9oQy9j2AhBe/H9VC91wLmKBCCU/gDOnKNAYG5hswO7BLKj09Hc5HYNz9cGI++xlpDCIgDaitVs03ATR84Q=="],

    "fast-safe-stringify": ["fast-safe-stringify@2.1.1", "", {}, "sha512-W+KJc2dmILlPplD/H4K9l9LcAHAfPtP6BY84uVLXQ6Evcz9Lcg33Y2z1IVblT6xdY54PXYVHEv+0Wpq8Io6zkA=="],

    "fast-uri": ["fast-uri@3.1.5", "", {}, "sha512-gHwA1O9LDIcKunMKhObS/HimwtehO1nPUECKAu5TpKgaO19fcWEl4bliWe1jWxVFvIXztJjjQ4L8XQ1EU9f7Jw=="],

    "firecrawl": ["firecrawl@4.30.1", "", { "dependencies": { "axios": "1.18.0", "typescript-event-target": "^1.1.1", "zod": "^3.23.8", "zod-to-json-schema": "^3.23.0" } }, "sha512-gW9nId70DeSNFIwW8YX8XINvr2xslCxjYLcaWe6As0NFPnTeaP0yQmKWNOA77vk/PcZaeGFrwFdR6s3eqBZiwA=="],

    "follow-redirects": ["follow-redirects@1.16.0", "", { "peerDependencies": { "debug": "*" }, "optionalPeers": ["debug"] }, "sha512-y5rN/uOsadFT/JfYwhxRS5R7Qce+g3zG97+JrtFZlC9klX/W5hD7iiLzScI4nZqUS7DNUdhPgw4xI8W2LuXlUw=="],

    "form-data": ["form-data@4.0.6", "", { "dependencies": { "asynckit": "^0.4.0", "combined-stream": "^1.0.8", "es-set-tostringtag": "^2.1.0", "hasown": "^2.0.4", "mime-types": "^2.1.35" } }, "sha512-vKatAh4SlVfgbv+YtmhiRjhEMJsYpsG1Y2rMQtR+SVSbytsSD1YGzDIcrAJmdFec88u/+VoGmxnl+80gL1tRCQ=="],

    "function-bind": ["function-bind@1.1.2", "", {}, "sha512-7XHNxH7qX9xG5mIwxkhumTox/MIRNcOgDrxWsMt2pAr23WHp6MrRlN7FBSFpCpr+oVO0F744iUgR82nJMfG2SA=="],

    "get-caller-file": ["get-caller-file@2.0.5", "", {}, "sha512-DyFP3BM/3YHTQOCUL/w0OZHR0lpKeGrxotcHWcqNEdnltqFwXVfhEBQ94eIo34AfQpo0rGki4cyIiftY06h2Fg=="],

    "get-east-asian-width": ["get-east-asian-width@1.6.0", "", {}, "sha512-QRbvDIbx6YklUe6RxeTeleMR0yv3cYH6PsPZHcnVn7xv7zO1BHN8r0XETu8n6Ye3Q+ahtSarc3WgtNWmehIBfA=="],

    "get-intrinsic": ["get-intrinsic@1.3.0", "", { "dependencies": { "call-bind-apply-helpers": "^1.0.2", "es-define-property": "^1.0.1", "es-errors": "^1.3.0", "es-object-atoms": "^1.1.1", "function-bind": "^1.1.2", "get-proto": "^1.0.1", "gopd": "^1.2.0", "has-symbols": "^1.1.0", "hasown": "^2.0.2", "math-intrinsics": "^1.1.0" } }, "sha512-9fSjSaos/fRIVIp+xSJlE6lfwhES7LNtKaCBIamHsjr2na1BiABJPo0mOjjz8GJDURarmCPGqaiVg5mfjb98CQ=="],

    "get-proto": ["get-proto@1.0.1", "", { "dependencies": { "dunder-proto": "^1.0.1", "es-object-atoms": "^1.0.0" } }, "sha512-sTSfBjoXBp89JvIKIefqw7U2CCebsc74kiY6awiGogKtoSGbgjYE/G/+l9sF3MWFPNc9IcoOC4ODfKHfxFmp0g=="],

    "global-directory": ["global-directory@5.0.0", "", { "dependencies": { "ini": "6.0.0" } }, "sha512-1pgFdhK3J2LeM+dVf2Pd424yHx2ou338lC0ErNP2hPx4j8eW1Sp0XqSjNxtk6Tc4Kr5wlWtSvz8cn2yb7/SG/w=="],

    "gopd": ["gopd@1.2.0", "", {}, "sha512-ZUKRh6/kUFoAiTAtTYPZJ3hw9wNxx+BIBOijnlG9PnrJsCcSjs1wyyD6vJpaYtgnzDrKYRSqf3OO6Rfa93xsRg=="],

    "has-symbols": ["has-symbols@1.1.0", "", {}, "sha512-1cDNdwJ2Jaohmb3sg4OmKaMBwuC48sYni5HUw2DvsC8LjGTLK9h+eb1X6RyuOHe4hT0ULCW68iomhjUoKUqlPQ=="],

    "has-tostringtag": ["has-tostringtag@1.0.2", "", { "dependencies": { "has-symbols": "^1.0.3" } }, "sha512-NqADB8VjPFLM2V0VvHUewwwsw0ZWBaIdgo+ieHtK3hasLz4qeCRjYcqfB6AQrBggRKppKF8L52/VqdVsO47Dlw=="],

    "hasown": ["hasown@2.0.4", "", { "dependencies": { "function-bind": "^1.1.2" } }, "sha512-T2UbfbBEF32wiepXIsMlTW9+dDYC6wMh/t/vYA4tuOMKqWz/n3vr1NFSxQiyP+zk2mXsoMA/i/7qV6LKut1t1A=="],

    "help-me": ["help-me@5.0.0", "", {}, "sha512-7xgomUX6ADmcYzFik0HzAxh/73YlKR9bmFzf51CZwR+b6YtzU2m0u49hQCqV6SvlqIqsaxovfwdvbnsw3b/zpg=="],

    "https-proxy-agent": ["https-proxy-agent@5.0.1", "", { "dependencies": { "agent-base": "6", "debug": "4" } }, "sha512-dFcAjpTQFgoLMzC2VwU+C/CbS7uRL0lWmxDITmqm7C+7F0Odmj6s9l6alZc6AELXhrnggM2CeWSXHGOdX2YtwA=="],

    "import-fresh": ["import-fresh@3.3.1", "", { "dependencies": { "parent-module": "^1.0.0", "resolve-from": "^4.0.0" } }, "sha512-TR3KfrTZTYLPB6jUjfx6MF9WcWrHL9su5TObK4ZkYgBdWKPOFoSoQIdEuTuR82pmtxH2spWG9h6etwfr1pLBqQ=="],

    "ini": ["ini@6.0.0", "", {}, "sha512-IBTdIkzZNOpqm7q3dRqJvMaldXjDHWkEDfrwGEQTs5eaQMWV+djAhR+wahyNNMAa+qpbDUhBMVt4ZKNwpPm7xQ=="],

    "is-arrayish": ["is-arrayish@0.2.1", "", {}, "sha512-zz06S8t0ozoDXMG+ube26zeCTNXcKIPJZJi8hBrF4idCLms4CG9QtK7qBl1boi5ODzFpjswb5JPmHCbMpjaYzg=="],

    "is-plain-obj": ["is-plain-obj@4.1.0", "", {}, "sha512-+Pgi+vMuUNkJyExiMBt5IlFoMyKnr5zhJ4Uspz58WOhBF5QoIZkFyNHIbBAtHwzVAgk5RtndVNsDRN61/mmDqg=="],

    "jiti": ["jiti@2.6.1", "", { "bin": { "jiti": "lib/jiti-cli.mjs" } }, "sha512-ekilCSN1jwRvIbgeg/57YFh8qQDNbwDb9xT/qu2DAHbFFZUicIl4ygVaAvzveMhMVr3LnpSKTNnwt8PoOfmKhQ=="],

    "joycon": ["joycon@3.1.1", "", {}, "sha512-34wB/Y7MW7bzjKRjUKTa46I2Z7eV62Rkhva+KkopW7Qvv/OSWBqvkSY7vusOPrNuZcUG3tApvdVgNB8POj3SPw=="],

    "js-tokens": ["js-tokens@4.0.0", "", {}, "sha512-RdJUflcE3cUzKiMqQgsCu06FPu9UdIJO0beYbPhHN4k6apgJtifcoCtT9bcxOpYBtpD2kCM6Sbzg4CausW/PKQ=="],

    "js-yaml": ["js-yaml@4.3.1", "", { "dependencies": { "argparse": "^2.0.1" }, "bin": { "js-yaml": "bin/js-yaml.js" } }, "sha512-CY6crGq313MX8GkwvB7tzgp99vjQxY1++5y10/BKN/GUfHqWaOGQMNZkBvqSzsZKWk/ijwHlWzzkLulsGHhjWQ=="],

    "json-parse-even-better-errors": ["json-parse-even-better-errors@2.3.1", "", {}, "sha512-xyFwyhro/JEof6Ghe2iz2NcXoj2sloNsWr/XsERDK/oiPCfaNhl5ONfp+jQdAZRQQ0IJWNzH9zIZF7li91kh2w=="],

    "json-schema": ["json-schema@0.4.0", "", {}, "sha512-es94M3nTIfsEPisRafak+HDLfHXnKBhV3vU5eqPcS3flIWqcxJWgXHXiey3YrpaNsanY5ei1VoYEbOzijuq9BA=="],

    "json-schema-traverse": ["json-schema-traverse@1.0.0", "", {}, "sha512-NM8/P9n3XjXhIZn1lLhkFaACTOURQXjWhV4BA/RnOv8xvgqtqpAX9IO4mRQxSx1Rlo4tqzeqb0sOlruaOy3dug=="],

    "lefthook": ["lefthook@2.1.10", "", { "optionalDependencies": { "lefthook-darwin-arm64": "2.1.10", "lefthook-darwin-x64": "2.1.10", "lefthook-freebsd-arm64": "2.1.10", "lefthook-freebsd-x64": "2.1.10", "lefthook-linux-arm64": "2.1.10", "lefthook-linux-x64": "2.1.10", "lefthook-openbsd-arm64": "2.1.10", "lefthook-openbsd-x64": "2.1.10", "lefthook-windows-arm64": "2.1.10", "lefthook-windows-x64": "2.1.10" }, "bin": { "lefthook": "bin/index.js" } }, "sha512-K7mM4WoqMwqfXYK11EHy+lSH1uW8XHni3Yn/bSqyerPkUPygGdf3xn18JoV5HyA06xuQL3ofGAOjG01QX9oJ4w=="],

    "lefthook-darwin-arm64": ["lefthook-darwin-arm64@2.1.10", "", { "os": "darwin", "cpu": "arm64" }, "sha512-nw+X8wRNDoUUV6WSteyKBbcLySq+fsmZt5WV/s50ZJpysmsDKJOUMln6SllNfP+60dzUahAO7REco/2633BsLg=="],

    "lefthook-darwin-x64": ["lefthook-darwin-x64@2.1.10", "", { "os": "darwin", "cpu": "x64" }, "sha512-KQ/bHmvpkFdHMn4pZnUdTf+GuSC+aBBgBTxZT4GW+6cSf+qbErKZBhK7cH6BmILsvx43+VzEArvHYY7YOfRFOQ=="],

    "lefthook-freebsd-arm64": ["lefthook-freebsd-arm64@2.1.10", "", { "os": "freebsd", "cpu": "arm64" }, "sha512-8su6DwydP7+pv7kG0zCtjphqsw4ouOnfexRUErapy5GTxYBoUOhYz3RSHTSWNRsK6W4jva7FPUh2Lp5/PSn30w=="],

    "lefthook-freebsd-x64": ["lefthook-freebsd-x64@2.1.10", "", { "os": "freebsd", "cpu": "x64" }, "sha512-GeAJEFxko3Lk+AsnS3NleAFrpyMLFUKOlgJvPKuU0xHwVEI/z+ZoCcmuO0BX+4CS0NLbZhC/YQAvBASqDvvVdQ=="],

    "lefthook-linux-arm64": ["lefthook-linux-arm64@2.1.10", "", { "os": "linux", "cpu": "arm64" }, "sha512-1sHTCmpTWjVMs+yKPBLRNT1kuuIr1yjietlk7rCB6wFPVOS6Ph3o2zPFH2AvW1UymHlqwyHXzBr9EtDpQ7j1mQ=="],

    "lefthook-linux-x64": ["lefthook-linux-x64@2.1.10", "", { "os": "linux", "cpu": "x64" }, "sha512-z/VlRB3bh6mBvW3r1rwnJ5vP8z+Krx5gJzkZ4veDXh+6FlRTx8wtd3g3fllOv/yZMxkgmL3fQoFXv05Esa7vBQ=="],

    "lefthook-openbsd-arm64": ["lefthook-openbsd-arm64@2.1.10", "", { "os": "openbsd", "cpu": "arm64" }, "sha512-430zL8sSIKw5P0YXGG6PB+eAhHa06n0PXuaERaAQE4Ss3odfqwnl5Mq9hQmkEnOS1EGiQEKkd0UHv/i4PtMNIQ=="],

    "lefthook-openbsd-x64": ["lefthook-openbsd-x64@2.1.10", "", { "os": "openbsd", "cpu": "x64" }, "sha512-bgkO8PphGZVDhQgCJ524aYYPI5491pVmCiLPGjBIo1AvOSlIyw4N1Y+1C3QfqwEmechzw+Aq16SNc8pqv6UuXg=="],

    "lefthook-windows-arm64": ["lefthook-windows-arm64@2.1.10", "", { "os": "win32", "cpu": "arm64" }, "sha512-5Q6etF0Fla2DDA4ilDySrdNgiR5+W7cJZwnZ69Je3kvWCaWm4wnkuc8FEdjp3kiL2x3ZXipdI00f5vpO8aWmog=="],

    "lefthook-windows-x64": ["lefthook-windows-x64@2.1.10", "", { "os": "win32", "cpu": "x64" }, "sha512-c/XH8YZtylG4XaxzqFfXluvq2LXq2W/p54Bnzn3+Z7E5X2Fk3JlFJAibulMbIt2+w8T7UI/r97ok5GqE4kGaeA=="],

    "lines-and-columns": ["lines-and-columns@1.2.4", "", {}, "sha512-7ylylesZQ/PV29jhEDl3Ufjo6ZX7gCqJr5F7PKrqc93v7fzSymt1BpwEU8nAUXs8qzzvqhbjhK5QZg6Mt/HkBg=="],

    "math-intrinsics": ["math-intrinsics@1.1.0", "", {}, "sha512-/IXtbwEk5HTPyEwyKX6hGkYXxM9nbj64B+ilVJnC/R6B0pH5G4V3b0pVbL7DBj4tkhBAppbQUlf6F6Xl9LHu1g=="],

    "mime-db": ["mime-db@1.52.0", "", {}, "sha512-sPU4uV7dYlvtWJxwwxHD0PuihVNiE7TyAbQ5SWxDCB9mUYvOgroQOwYQQOKPJ8CIbE+1ETVlOoK1UC2nU3gYvg=="],

    "mime-types": ["mime-types@2.1.35", "", { "dependencies": { "mime-db": "1.52.0" } }, "sha512-ZDY+bPm5zTTF+YpCrAU9nK0UgICYPT0QtT1NZWFv4s++TNkcgVaT0g6+4R2uI4MjQjzysHB1zxuWL50hzaeXiw=="],

    "minimist": ["minimist@1.2.8", "", {}, "sha512-2yyAR8qBkN3YuheJanUpWC5U3bb5osDywNB8RzDVlDwDHbocAJveqqj1u8+SVD7jkWT4yvsHCpWqqWqAxb0zCA=="],

    "ms": ["ms@2.1.3", "", {}, "sha512-6FlzubTLZG3J2a/NVCAleEhjzq5oxgHyaCU9yYXvcLsvoVaHJq/s5xXI6/XXP6tz7R9xAOtHnSO/tXtF3WRTlA=="],

    "on-exit-leak-free": ["on-exit-leak-free@2.1.2", "", {}, "sha512-0eJJY6hXLGf1udHwfNftBqH+g73EU4B504nZeKpz1sYRKafAghwxEJunB2O7rDZkL4PGfsMVnTXZ2EjibbqcsA=="],

    "once": ["once@1.4.0", "", { "dependencies": { "wrappy": "1" } }, "sha512-lNaJgI+2Q5URQBkccEKHTQOPaXdUxnZZElQTZY0MFUAuaEqe1E+Nyvgdz/aIyNi6Z9MzO5dv1H8n58/GELp3+w=="],

    "parent-module": ["parent-module@1.0.1", "", { "dependencies": { "callsites": "^3.0.0" } }, "sha512-GQ2EWRpQV8/o+Aw8YqtfZZPfNRWZYkbidE9k5rpl/hC3vtHHBfGm2Ifi6qWV+coDGkrUKZAxE3Lot5kcsRlh+g=="],

    "parse-json": ["parse-json@5.2.0", "", { "dependencies": { "@babel/code-frame": "^7.0.0", "error-ex": "^1.3.1", "json-parse-even-better-errors": "^2.3.0", "lines-and-columns": "^1.1.6" } }, "sha512-ayCKvm/phCGxOkYRSCM82iDwct8/EonSEgCSxWxD7ve6jHggsFl4fZVQBPRNgQoKiuV/odhFrGzQXZwbifC8Rg=="],

    "picocolors": ["picocolors@1.1.1", "", {}, "sha512-xceH2snhtb5M9liqDsmEw56le376mTZkEX/jEb/RxNFyegNul7eNslCXP9FDj/Lcu0X8KEyMceP2ntpaHrDEVA=="],

    "pino": ["pino@10.3.1", "", { "dependencies": { "@pinojs/redact": "^0.4.0", "atomic-sleep": "^1.0.0", "on-exit-leak-free": "^2.1.0", "pino-abstract-transport": "^3.0.0", "pino-std-serializers": "^7.0.0", "process-warning": "^5.0.0", "quick-format-unescaped": "^4.0.3", "real-require": "^0.2.0", "safe-stable-stringify": "^2.3.1", "sonic-boom": "^4.0.1", "thread-stream": "^4.0.0" }, "bin": { "pino": "bin.js" } }, "sha512-r34yH/GlQpKZbU1BvFFqOjhISRo1MNx1tWYsYvmj6KIRHSPMT2+yHOEb1SG6NMvRoHRF0a07kCOox/9yakl1vg=="],

    "pino-abstract-transport": ["pino-abstract-transport@3.0.0", "", { "dependencies": { "split2": "^4.0.0" } }, "sha512-wlfUczU+n7Hy/Ha5j9a/gZNy7We5+cXp8YL+X+PG8S0KXxw7n/JXA3c46Y0zQznIJ83URJiwy7Lh56WLokNuxg=="],

    "pino-pretty": ["pino-pretty@13.1.3", "", { "dependencies": { "colorette": "^2.0.7", "dateformat": "^4.6.3", "fast-copy": "^4.0.0", "fast-safe-stringify": "^2.1.1", "help-me": "^5.0.0", "joycon": "^3.1.1", "minimist": "^1.2.6", "on-exit-leak-free": "^2.1.0", "pino-abstract-transport": "^3.0.0", "pump": "^3.0.0", "secure-json-parse": "^4.0.0", "sonic-boom": "^4.0.1", "strip-json-comments": "^5.0.2" }, "bin": { "pino-pretty": "bin.js" } }, "sha512-ttXRkkOz6WWC95KeY9+xxWL6AtImwbyMHrL1mSwqwW9u+vLp/WIElvHvCSDg0xO/Dzrggz1zv3rN5ovTRVowKg=="],

    "pino-std-serializers": ["pino-std-serializers@7.1.0", "", {}, "sha512-BndPH67/JxGExRgiX1dX0w1FvZck5Wa4aal9198SrRhZjH3GxKQUKIBnYJTdj2HDN3UQAS06HlfcSbQj2OHmaw=="],

    "process-warning": ["process-warning@5.1.0", "", {}, "sha512-jQSaVHsPgtyw60e1rQ/A+/ArPEj/S8pS/vFnyGa/gYFXrKk/6RuDkoqVDQ5NI5MmS01698ltlAk0NoDBNLujRw=="],

    "proxy-from-env": ["proxy-from-env@2.1.0", "", {}, "sha512-cJ+oHTW1VAEa8cJslgmUZrc+sjRKgAKl3Zyse6+PV38hZe/V6Z14TbCuXcan9F9ghlz4QrFr2c92TNF82UkYHA=="],

    "pump": ["pump@3.0.4", "", { "dependencies": { "end-of-stream": "^1.1.0", "once": "^1.3.1" } }, "sha512-VS7sjc6KR7e1ukRFhQSY5LM2uBWAUPiOPa/A3mkKmiMwSmRFUITt0xuj+/lesgnCv+dPIEYlkzrcyXgquIHMcA=="],

    "quick-format-unescaped": ["quick-format-unescaped@4.0.4", "", {}, "sha512-tYC1Q1hgyRuHgloV/YXs2w15unPVh8qfu/qCTfhTYamaw7fyhumKa2yGpdSo87vY32rIclj+4fWYQXUMs9EHvg=="],

    "real-require": ["real-require@0.2.0", "", {}, "sha512-57frrGM/OCTLqLOAh0mhVA9VBMHd+9U7Zb2THMGdBUoZVOtGbJzjxsYGDJ3A9AYYCP4hn6y1TVbaOfzWtm5GFg=="],

    "require-from-string": ["require-from-string@2.0.2", "", {}, "sha512-Xf0nWe6RseziFMu+Ap9biiUbmplq6S9/p+7w7YXP/JBHhrUDDUhwa+vANyubuqfZWTveU//DYVGsDG7RKL/vEw=="],

    "resolve-from": ["resolve-from@5.0.0", "", {}, "sha512-qYg9KP24dD5qka9J47d0aVky0N+b4fTU89LN9iDnjB5waksiC49rvMB0PrUJQGoTmH50XPiqOvAjDfaijGxYZw=="],

    "safe-stable-stringify": ["safe-stable-stringify@2.5.0", "", {}, "sha512-b3rppTKm9T+PsVCBEOUR46GWI7fdOs00VKZ1+9c1EWDaDMvjQc6tUwuFyIprgGgTcWoVHSKrU8H31ZHA2e0RHA=="],

    "secure-json-parse": ["secure-json-parse@4.1.0", "", {}, "sha512-l4KnYfEyqYJxDwlNVyRfO2E4NTHfMKAWdUuA8J0yve2Dz/E/PdBepY03RvyJpssIpRFwJoCD55wA+mEDs6ByWA=="],

    "semver": ["semver@7.8.5", "", { "bin": { "semver": "bin/semver.js" } }, "sha512-Y7/KDsb8LjooZpwaqGyulO6DQlksgCncchHGk+sZIY4SBvUocMBEFH5Ur1fI4dV+Jvl0w6cjvucaIi40puRioA=="],

    "sonic-boom": ["sonic-boom@4.2.1", "", { "dependencies": { "atomic-sleep": "^1.0.0" } }, "sha512-w6AxtubXa2wTXAUsZMMWERrsIRAdrK0Sc+FUytWvYAhBJLyuI4llrMIC1DtlNSdI99EI86KZum2MMq3EAZlF9Q=="],

    "split2": ["split2@4.2.0", "", {}, "sha512-UcjcJOWknrNkF6PLX83qcHM6KHgVKNkV62Y8a5uYDVv9ydGQVwAHMKqHdJje1VTWpljG0WYpCDhrCdAOYH4TWg=="],

    "string-width": ["string-width@8.2.2", "", { "dependencies": { "get-east-asian-width": "^1.5.0", "strip-ansi": "^7.1.2" } }, "sha512-GaPUh5gfdrYzqeVNZvUfT23vYYxXzKYidUcnMtJg/3rxRV63EFZy3k6xfKlmfeJD0176lnUV/Usr3XcwSvFzpg=="],

    "strip-ansi": ["strip-ansi@7.2.0", "", { "dependencies": { "ansi-regex": "^6.2.2" } }, "sha512-yDPMNjp4WyfYBkHnjIRLfca1i6KMyGCtsVgoKe/z1+6vukgaENdgGBZt+ZmKPc4gavvEZ5OgHfHdrazhgNyG7w=="],

    "strip-json-comments": ["strip-json-comments@5.0.3", "", {}, "sha512-1tB5mhVo7U+ETBKNf92xT4hrQa3pm0MZ0PQvuDnWgAAGHDsfp4lPSpiS6psrSiet87wyGPh9ft6wmhOMQ0hDiw=="],

    "thread-stream": ["thread-stream@4.2.0", "", { "dependencies": { "real-require": "^1.0.0" } }, "sha512-e2zZ96wSChazBsbENf/Pcm/4swHt2cEKQ92rhUjkL9GCKiTDJIaTBenjE/m9DXi0QBmTMDkFDdOomUy20A1tDQ=="],

    "tinyexec": ["tinyexec@1.3.0", "", {}, "sha512-QKAl9m8gWWGHV8jZcPeym6j+XULi6tOf1mT83WYJ4Lk2ytW/uwAWkrP0uFsdoYMdueVJ0qs26wZ+23xeB4ibNQ=="],

    "typescript": ["typescript@7.0.2", "", { "optionalDependencies": { "@typescript/typescript-aix-ppc64": "7.0.2", "@typescript/typescript-darwin-arm64": "7.0.2", "@typescript/typescript-darwin-x64": "7.0.2", "@typescript/typescript-freebsd-arm64": "7.0.2", "@typescript/typescript-freebsd-x64": "7.0.2", "@typescript/typescript-linux-arm": "7.0.2", "@typescript/typescript-linux-arm64": "7.0.2", "@typescript/typescript-linux-loong64": "7.0.2", "@typescript/typescript-linux-mips64el": "7.0.2", "@typescript/typescript-linux-ppc64": "7.0.2", "@typescript/typescript-linux-riscv64": "7.0.2", "@typescript/typescript-linux-s390x": "7.0.2", "@typescript/typescript-linux-x64": "7.0.2", "@typescript/typescript-netbsd-arm64": "7.0.2", "@typescript/typescript-netbsd-x64": "7.0.2", "@typescript/typescript-openbsd-arm64": "7.0.2", "@typescript/typescript-openbsd-x64": "7.0.2", "@typescript/typescript-sunos-x64": "7.0.2", "@typescript/typescript-win32-arm64": "7.0.2", "@typescript/typescript-win32-x64": "7.0.2" }, "bin": { "tsc": "bin/tsc" } }, "sha512-8FYau96o3NKOhbjKi/qNvG/W5jhzxkbdm5sj9AbZ/5T5sWqn3hJgLfGx27sRKZWTvyzCP8dLRBTf5tBTSRVUNA=="],

    "typescript-event-target": ["typescript-event-target@1.1.2", "", {}, "sha512-TvkrTUpv7gCPlcnSoEwUVUBwsdheKm+HF5u2tPAKubkIGMfovdSizCTaZRY/NhR8+Ijy8iZZUapbVQAsNrkFrw=="],

    "undici": ["undici@7.29.0", "", {}, "sha512-IDxfleLmmbSskfWSUATiN1nfn2rDuvnMOqb5CWR92iIfojA0Ud+ulOAAEQ57LPr9rWmsreUyf5lwyao+7GNNVw=="],

    "undici-types": ["undici-types@8.3.0", "", {}, "sha512-j375ScV60dom+YkPFIfTLcOiPxkN/buHz5GobjLhixFuANaNs3C9l4GmrWqejgXWJ7BbJcFYpTEUkS1Ge8bpZQ=="],

    "wrap-ansi": ["wrap-ansi@9.0.2", "", { "dependencies": { "ansi-styles": "^6.2.1", "string-width": "^7.0.0", "strip-ansi": "^7.1.0" } }, "sha512-42AtmgqjV+X1VpdOfyTGOYRi0/zsoLqtXQckTmqTeybT+BDIbM/Guxo7x3pE2vtpr1ok6xRqM9OpBe+Jyoqyww=="],

    "wrappy": ["wrappy@1.0.2", "", {}, "sha512-l4Sp/DRseor9wL6EvV2+TuQn63dMkPjZ/sp9XkghTEbV9KlPS1xUsZ3u7/IQO4wxtcFB4bgpQPRcR3QCvezPcQ=="],

    "y18n": ["y18n@5.0.8", "", {}, "sha512-0pfFzegeDWJHJIAmTLRP2DwHjdF5s7jo9tuztdQxAhINCdvS+3nGINqPd00AphqJR/0LhANUS6/+7SCb98YOfA=="],

    "yaml": ["yaml@2.9.0", "", { "bin": { "yaml": "bin.mjs" } }, "sha512-2AvhNX3mb8zd6Zy7INTtSpl1F15HW6Wnqj0srWlkKLcpYl/gMIMJiyuGq2KeI2YFxUPjdlB+3Lc10seMLtL4cA=="],

    "yargs": ["yargs@18.1.0", "", { "dependencies": { "cliui": "^9.0.1", "escalade": "^3.1.1", "get-caller-file": "^2.0.5", "string-width": "^8.2.1", "y18n": "^5.0.5", "yargs-parser": "^22.0.0" } }, "sha512-2rAgRKu54VsHkqI0/tYkmluGXHD4KW7yZoycuqDQ15QOTnc2VVfy0nN/1eMhnQLO00A+dwtK20xuCnc1YGeUyg=="],

    "yargs-parser": ["yargs-parser@22.0.0", "", {}, "sha512-rwu/ClNdSMpkSrUb+d6BRsSkLUq1fmfsY6TOpYzTwvwkg1/NRG85KBy3kq++A8LKQwX6lsu+aWad+2khvuXrqw=="],

    "zod": ["zod@3.25.76", "", {}, "sha512-gzUt/qt81nXsFGKIFcC3YnfEAx5NkunCfnDlvuBSSFS02bcXu4Lmea0AFIUwbLWxWPx3d9p8S5QoaujKcNQxcQ=="],

    "zod-to-json-schema": ["zod-to-json-schema@3.25.2", "", { "peerDependencies": { "zod": "^3.25.28 || ^4" } }, "sha512-O/PgfnpT1xKSDeQYSCfRI5Gy3hPf91mKVDuYLUHZJMiDFptvP41MSnWofm8dnCm0256ZNfZIM7DSzuSMAFnjHA=="],

    "cliui/string-width": ["string-width@7.2.0", "", { "dependencies": { "emoji-regex": "^10.3.0", "get-east-asian-width": "^1.0.0", "strip-ansi": "^7.1.0" } }, "sha512-tsaTIkKW9b4N+AEj+SVA+WhJzV7/zMhcSu78mLKWSk7cXMOSHsBKFWUs0fWwq8QyK3MgJBQRX6Gbi4kYbdvGkQ=="],

    "import-fresh/resolve-from": ["resolve-from@4.0.0", "", {}, "sha512-pb/MYmXstAkysRFx8piNI1tGFNQIFA3vkE3Gq4EuA1dF6gHp/+vgZqsCGJapvy8N3Q+4o7FwvquPJcnZ7RYy4g=="],

    "thread-stream/real-require": ["real-require@1.0.0", "", {}, "sha512-P4nbQYQfePJxRSmY+v/KINxVucm4NF3p3s7pJveMTtom52FR4YGltUQLB8idDXwDDWW+eYrWDFbuzUnjoWHF7g=="],

    "wrap-ansi/string-width": ["string-width@7.2.0", "", { "dependencies": { "emoji-regex": "^10.3.0", "get-east-asian-width": "^1.0.0", "strip-ansi": "^7.1.0" } }, "sha512-tsaTIkKW9b4N+AEj+SVA+WhJzV7/zMhcSu78mLKWSk7cXMOSHsBKFWUs0fWwq8QyK3MgJBQRX6Gbi4kYbdvGkQ=="],
  }
}
